// !$*UTF8*$!
{
	archiveVersion = 1;
	classes = {
	};
	objectVersion = 46;
	objects = {

/* Begin PBXBuildFile section */
		636CBFEC1D27AC9F00FB349C /* AppDelegate.swift in Sources */ = {isa = PBXBuildFile; fileRef = 636CBFEB1D27AC9F00FB349C /* AppDelegate.swift */; };
		636CBFEE1D27AC9F00FB349C /* ViewController.swift in Sources */ = {isa = PBXBuildFile; fileRef = 636CBFED1D27AC9F00FB349C /* ViewController.swift */; };
		636CBFF11D27AC9F00FB349C /* Main.storyboard in Resources */ = {isa = PBXBuildFile; fileRef = 636CBFEF1D27AC9F00FB349C /* Main.storyboard */; };
		636CBFF31D27AC9F00FB349C /* Assets.xcassets in Resources */ = {isa = PBXBuildFile; fileRef = 636CBFF21D27AC9F00FB349C /* Assets.xcassets */; };
		636CBFF61D27AC9F00FB349C /* LaunchScreen.storyboard in Resources */ = {isa = PBXBuildFile; fileRef = 636CBFF41D27AC9F00FB349C /* LaunchScreen.storyboard */; };
		636CC00D1D27AD6200FB349C /* ReSwift.framework in Frameworks */ = {isa = PBXBuildFile; fileRef = 636CC00B1D27AD6200FB349C /* ReSwift.framework */; };
		636CC00E1D27AD6200FB349C /* ReSwift.framework in Embed Frameworks */ = {isa = PBXBuildFile; fileRef = 636CC00B1D27AD6200FB349C /* ReSwift.framework */; settings = {ATTRIBUTES = (CodeSignOnCopy, RemoveHeadersOnCopy, ); }; };
		636CC00F1D27AD6200FB349C /* Dollar.framework in Frameworks */ = {isa = PBXBuildFile; fileRef = 636CC00C1D27AD6200FB349C /* Dollar.framework */; };
		636CC0101D27AD6200FB349C /* Dollar.framework in Embed Frameworks */ = {isa = PBXBuildFile; fileRef = 636CC00C1D27AD6200FB349C /* Dollar.framework */; settings = {ATTRIBUTES = (CodeSignOnCopy, RemoveHeadersOnCopy, ); }; };
		637F82221D2830740068FFD2 /* Tile.swift in Sources */ = {isa = PBXBuildFile; fileRef = 6C4873D4BDCA40F3779465A1 /* Tile.swift */; };
		6C487990AB760259C65C0B19 /* TileTest.swift in Sources */ = {isa = PBXBuildFile; fileRef = 6C4878E932783CEAB2552844 /* TileTest.swift */; };
		6C487E93A670D206D08EB4C8 /* Tile.swift in Sources */ = {isa = PBXBuildFile; fileRef = 6C4873D4BDCA40F3779465A1 /* Tile.swift */; };
/* End PBXBuildFile section */

/* Begin PBXContainerItemProxy section */
		636CBFFD1D27AC9F00FB349C /* PBXContainerItemProxy */ = {
			isa = PBXContainerItemProxy;
			containerPortal = 636CBFE01D27AC9F00FB349C /* Project object */;
			proxyType = 1;
			remoteGlobalIDString = 636CBFE71D27AC9F00FB349C;
			remoteInfo = Threes;
		};
/* End PBXContainerItemProxy section */

/* Begin PBXCopyFilesBuildPhase section */
		636CC0111D27AD6200FB349C /* Embed Frameworks */ = {
			isa = PBXCopyFilesBuildPhase;
			buildActionMask = 2147483647;
			dstPath = "";
			dstSubfolderSpec = 10;
			files = (
				636CC0101D27AD6200FB349C /* Dollar.framework in Embed Frameworks */,
				636CC00E1D27AD6200FB349C /* ReSwift.framework in Embed Frameworks */,
			);
			name = "Embed Frameworks";
			runOnlyForDeploymentPostprocessing = 0;
		};
/* End PBXCopyFilesBuildPhase section */

/* Begin PBXFileReference section */
		636CBFE81D27AC9F00FB349C /* Threes.app */ = {isa = PBXFileReference; explicitFileType = wrapper.application; includeInIndex = 0; path = Threes.app; sourceTree = BUILT_PRODUCTS_DIR; };
		636CBFEB1D27AC9F00FB349C /* AppDelegate.swift */ = {isa = PBXFileReference; lastKnownFileType = sourcecode.swift; path = AppDelegate.swift; sourceTree = "<group>"; };
		636CBFED1D27AC9F00FB349C /* ViewController.swift */ = {isa = PBXFileReference; lastKnownFileType = sourcecode.swift; path = ViewController.swift; sourceTree = "<group>"; };
		636CBFF01D27AC9F00FB349C /* Base */ = {isa = PBXFileReference; lastKnownFileType = file.storyboard; name = Base; path = Base.lproj/Main.storyboard; sourceTree = "<group>"; };
		636CBFF21D27AC9F00FB349C /* Assets.xcassets */ = {isa = PBXFileReference; lastKnownFileType = folder.assetcatalog; path = Assets.xcassets; sourceTree = "<group>"; };
		636CBFF51D27AC9F00FB349C /* Base */ = {isa = PBXFileReference; lastKnownFileType = file.storyboard; name = Base; path = Base.lproj/LaunchScreen.storyboard; sourceTree = "<group>"; };
		636CBFF71D27AC9F00FB349C /* Info.plist */ = {isa = PBXFileReference; lastKnownFileType = text.plist.xml; path = Info.plist; sourceTree = "<group>"; };
		636CBFFC1D27AC9F00FB349C /* ThreesTests.xctest */ = {isa = PBXFileReference; explicitFileType = wrapper.cfbundle; includeInIndex = 0; path = ThreesTests.xctest; sourceTree = BUILT_PRODUCTS_DIR; };
		636CC0021D27AC9F00FB349C /* Info.plist */ = {isa = PBXFileReference; lastKnownFileType = text.plist.xml; path = Info.plist; sourceTree = "<group>"; };
		636CC00B1D27AD6200FB349C /* ReSwift.framework */ = {isa = PBXFileReference; lastKnownFileType = wrapper.framework; name = ReSwift.framework; path = Carthage/Build/iOS/ReSwift.framework; sourceTree = "<group>"; };
		636CC00C1D27AD6200FB349C /* Dollar.framework */ = {isa = PBXFileReference; lastKnownFileType = wrapper.framework; name = Dollar.framework; path = Carthage/Build/iOS/Dollar.framework; sourceTree = "<group>"; };
		6C4873D4BDCA40F3779465A1 /* Tile.swift */ = {isa = PBXFileReference; fileEncoding = 4; lastKnownFileType = sourcecode.swift; path = Tile.swift; sourceTree = "<group>"; };
		6C4878E932783CEAB2552844 /* TileTest.swift */ = {isa = PBXFileReference; fileEncoding = 4; lastKnownFileType = sourcecode.swift; path = TileTest.swift; sourceTree = "<group>"; };
/* End PBXFileReference section */

/* Begin PBXFrameworksBuildPhase section */
		636CBFE51D27AC9F00FB349C /* Frameworks */ = {
			isa = PBXFrameworksBuildPhase;
			buildActionMask = 2147483647;
			files = (
				636CC00F1D27AD6200FB349C /* Dollar.framework in Frameworks */,
				636CC00D1D27AD6200FB349C /* ReSwift.framework in Frameworks */,
			);
			runOnlyForDeploymentPostprocessing = 0;
		};
		636CBFF91D27AC9F00FB349C /* Frameworks */ = {
			isa = PBXFrameworksBuildPhase;
			buildActionMask = 2147483647;
			files = (
			);
			runOnlyForDeploymentPostprocessing = 0;
		};
/* End PBXFrameworksBuildPhase section */

/* Begin PBXGroup section */
		636CBFDF1D27AC9F00FB349C = {
			isa = PBXGroup;
			children = (
				636CC00B1D27AD6200FB349C /* ReSwift.framework */,
				636CC00C1D27AD6200FB349C /* Dollar.framework */,
				636CBFEA1D27AC9F00FB349C /* Threes */,
				636CBFFF1D27AC9F00FB349C /* ThreesTests */,
				636CBFE91D27AC9F00FB349C /* Products */,
			);
			sourceTree = "<group>";
		};
		636CBFE91D27AC9F00FB349C /* Products */ = {
			isa = PBXGroup;
			children = (
				636CBFE81D27AC9F00FB349C /* Threes.app */,
				636CBFFC1D27AC9F00FB349C /* ThreesTests.xctest */,
			);
			name = Products;
			sourceTree = "<group>";
		};
		636CBFEA1D27AC9F00FB349C /* Threes */ = {
			isa = PBXGroup;
			children = (
				636CBFEB1D27AC9F00FB349C /* AppDelegate.swift */,
				636CBFED1D27AC9F00FB349C /* ViewController.swift */,
				636CBFEF1D27AC9F00FB349C /* Main.storyboard */,
				636CBFF21D27AC9F00FB349C /* Assets.xcassets */,
				636CBFF41D27AC9F00FB349C /* LaunchScreen.storyboard */,
				636CBFF71D27AC9F00FB349C /* Info.plist */,
				6C487F3C729982E7C4ADC8F2 /* Models */,
			);
			path = Threes;
			sourceTree = "<group>";
		};
		636CBFFF1D27AC9F00FB349C /* ThreesTests */ = {
			isa = PBXGroup;
			children = (
				636CC0021D27AC9F00FB349C /* Info.plist */,
				6C4878E932783CEAB2552844 /* TileTest.swift */,
			);
			path = ThreesTests;
			sourceTree = "<group>";
		};
		6C487F3C729982E7C4ADC8F2 /* Models */ = {
			isa = PBXGroup;
			children = (
				6C4873D4BDCA40F3779465A1 /* Tile.swift */,
			);
			path = Models;
			sourceTree = "<group>";
		};
/* End PBXGroup section */

/* Begin PBXNativeTarget section */
		636CBFE71D27AC9F00FB349C /* Threes */ = {
			isa = PBXNativeTarget;
			buildConfigurationList = 636CC0051D27AC9F00FB349C /* Build configuration list for PBXNativeTarget "Threes" */;
			buildPhases = (
				636CBFE41D27AC9F00FB349C /* Sources */,
				636CBFE51D27AC9F00FB349C /* Frameworks */,
				636CBFE61D27AC9F00FB349C /* Resources */,
				636CC0111D27AD6200FB349C /* Embed Frameworks */,
			);
			buildRules = (
			);
			dependencies = (
			);
			name = Threes;
			productName = Threes;
			productReference = 636CBFE81D27AC9F00FB349C /* Threes.app */;
			productType = "com.apple.product-type.application";
		};
		636CBFFB1D27AC9F00FB349C /* ThreesTests */ = {
			isa = PBXNativeTarget;
			buildConfigurationList = 636CC0081D27AC9F00FB349C /* Build configuration list for PBXNativeTarget "ThreesTests" */;
			buildPhases = (
				636CBFF81D27AC9F00FB349C /* Sources */,
				636CBFF91D27AC9F00FB349C /* Frameworks */,
				636CBFFA1D27AC9F00FB349C /* Resources */,
			);
			buildRules = (
			);
			dependencies = (
				636CBFFE1D27AC9F00FB349C /* PBXTargetDependency */,
			);
			name = ThreesTests;
			productName = ThreesTests;
			productReference = 636CBFFC1D27AC9F00FB349C /* ThreesTests.xctest */;
			productType = "com.apple.product-type.bundle.unit-test";
		};
/* End PBXNativeTarget section */

/* Begin PBXProject section */
		636CBFE01D27AC9F00FB349C /* Project object */ = {
			isa = PBXProject;
			attributes = {
				LastSwiftUpdateCheck = 0730;
				LastUpgradeCheck = 0730;
				ORGANIZATIONNAME = "TYRONE AVNIT";
				TargetAttributes = {
					636CBFE71D27AC9F00FB349C = {
						CreatedOnToolsVersion = 7.3.1;
					};
					636CBFFB1D27AC9F00FB349C = {
						CreatedOnToolsVersion = 7.3.1;
						TestTargetID = 636CBFE71D27AC9F00FB349C;
					};
				};
			};
			buildConfigurationList = 636CBFE31D27AC9F00FB349C /* Build configuration list for PBXProject "Threes" */;
			compatibilityVersion = "Xcode 3.2";
			developmentRegion = English;
			hasScannedForEncodings = 0;
			knownRegions = (
				en,
				Base,
			);
			mainGroup = 636CBFDF1D27AC9F00FB349C;
			productRefGroup = 636CBFE91D27AC9F00FB349C /* Products */;
			projectDirPath = "";
			projectRoot = "";
			targets = (
				636CBFE71D27AC9F00FB349C /* Threes */,
				636CBFFB1D27AC9F00FB349C /* ThreesTests */,
			);
		};
/* End PBXProject section */

/* Begin PBXResourcesBuildPhase section */
		636CBFE61D27AC9F00FB349C /* Resources */ = {
			isa = PBXResourcesBuildPhase;
			buildActionMask = 2147483647;
			files = (
				636CBFF61D27AC9F00FB349C /* LaunchScreen.storyboard in Resources */,
				636CBFF31D27AC9F00FB349C /* Assets.xcassets in Resources */,
				636CBFF11D27AC9F00FB349C /* Main.storyboard in Resources */,
			);
			runOnlyForDeploymentPostprocessing = 0;
		};
		636CBFFA1D27AC9F00FB349C /* Resources */ = {
			isa = PBXResourcesBuildPhase;
			buildActionMask = 2147483647;
			files = (
			);
			runOnlyForDeploymentPostprocessing = 0;
		};
/* End PBXResourcesBuildPhase section */

/* Begin PBXSourcesBuildPhase section */
		636CBFE41D27AC9F00FB349C /* Sources */ = {
			isa = PBXSourcesBuildPhase;
			buildActionMask = 2147483647;
			files = (
				636CBFEE1D27AC9F00FB349C /* ViewController.swift in Sources */,
				636CBFEC1D27AC9F00FB349C /* AppDelegate.swift in Sources */,
				6C487E93A670D206D08EB4C8 /* Tile.swift in Sources */,
			);
			runOnlyForDeploymentPostprocessing = 0;
		};
		636CBFF81D27AC9F00FB349C /* Sources */ = {
			isa = PBXSourcesBuildPhase;
			buildActionMask = 2147483647;
			files = (
				637F82221D2830740068FFD2 /* Tile.swift in Sources */,
				6C487990AB760259C65C0B19 /* TileTest.swift in Sources */,
			);
			runOnlyForDeploymentPostprocessing = 0;
		};
/* End PBXSourcesBuildPhase section */

/* Begin PBXTargetDependency section */
		636CBFFE1D27AC9F00FB349C /* PBXTargetDependency */ = {
			isa = PBXTargetDependency;
			target = 636CBFE71D27AC9F00FB349C /* Threes */;
			targetProxy = 636CBFFD1D27AC9F00FB349C /* PBXContainerItemProxy */;
		};
/* End PBXTargetDependency section */

/* Begin PBXVariantGroup section */
		636CBFEF1D27AC9F00FB349C /* Main.storyboard */ = {
			isa = PBXVariantGroup;
			children = (
				636CBFF01D27AC9F00FB349C /* Base */,
			);
			name = Main.storyboard;
			sourceTree = "<group>";
		};
		636CBFF41D27AC9F00FB349C /* LaunchScreen.storyboard */ = {
			isa = PBXVariantGroup;
			children = (
				636CBFF51D27AC9F00FB349C /* Base */,
			);
			name = LaunchScreen.storyboard;
			sourceTree = "<group>";
		};
/* End PBXVariantGroup section */

/* Begin XCBuildConfiguration section */
		636CC0031D27AC9F00FB349C /* Debug */ = {
			isa = XCBuildConfiguration;
			buildSettings = {
				ALWAYS_SEARCH_USER_PATHS = NO;
				CLANG_ANALYZER_NONNULL = YES;
				CLANG_CXX_LANGUAGE_STANDARD = "gnu++0x";
				CLANG_CXX_LIBRARY = "libc++";
				CLANG_ENABLE_MODULES = YES;
				CLANG_ENABLE_OBJC_ARC = YES;
				CLANG_WARN_BOOL_CONVERSION = YES;
				CLANG_WARN_CONSTANT_CONVERSION = YES;
				CLANG_WARN_DIRECT_OBJC_ISA_USAGE = YES_ERROR;
				CLANG_WARN_EMPTY_BODY = YES;
				CLANG_WARN_ENUM_CONVERSION = YES;
				CLANG_WARN_INT_CONVERSION = YES;
				CLANG_WARN_OBJC_ROOT_CLASS = YES_ERROR;
				CLANG_WARN_UNREACHABLE_CODE = YES;
				CLANG_WARN__DUPLICATE_METHOD_MATCH = YES;
				"CODE_SIGN_IDENTITY[sdk=iphoneos*]" = "iPhone Developer";
				COPY_PHASE_STRIP = NO;
				DEBUG_INFORMATION_FORMAT = dwarf;
				ENABLE_STRICT_OBJC_MSGSEND = YES;
				ENABLE_TESTABILITY = YES;
				GCC_C_LANGUAGE_STANDARD = gnu99;
				GCC_DYNAMIC_NO_PIC = NO;
				GCC_NO_COMMON_BLOCKS = YES;
				GCC_OPTIMIZATION_LEVEL = 0;
				GCC_PREPROCESSOR_DEFINITIONS = (
					"DEBUG=1",
					"$(inherited)",
				);
				GCC_WARN_64_TO_32_BIT_CONVERSION = YES;
				GCC_WARN_ABOUT_RETURN_TYPE = YES_ERROR;
				GCC_WARN_UNDECLARED_SELECTOR = YES;
				GCC_WARN_UNINITIALIZED_AUTOS = YES_AGGRESSIVE;
				GCC_WARN_UNUSED_FUNCTION = YES;
				GCC_WARN_UNUSED_VARIABLE = YES;
				IPHONEOS_DEPLOYMENT_TARGET = 9.3;
				MTL_ENABLE_DEBUG_INFO = YES;
				ONLY_ACTIVE_ARCH = YES;
				SDKROOT = iphoneos;
				SWIFT_OPTIMIZATION_LEVEL = "-Onone";
				TARGETED_DEVICE_FAMILY = "1,2";
			};
			name = Debug;
		};
		636CC0041D27AC9F00FB349C /* Release */ = {
			isa = XCBuildConfiguration;
			buildSettings = {
				ALWAYS_SEARCH_USER_PATHS = NO;
				CLANG_ANALYZER_NONNULL = YES;
				CLANG_CXX_LANGUAGE_STANDARD = "gnu++0x";
				CLANG_CXX_LIBRARY = "libc++";
				CLANG_ENABLE_MODULES = YES;
				CLANG_ENABLE_OBJC_ARC = YES;
				CLANG_WARN_BOOL_CONVERSION = YES;
				CLANG_WARN_CONSTANT_CONVERSION = YES;
				CLANG_WARN_DIRECT_OBJC_ISA_USAGE = YES_ERROR;
				CLANG_WARN_EMPTY_BODY = YES;
				CLANG_WARN_ENUM_CONVERSION = YES;
				CLANG_WARN_INT_CONVERSION = YES;
				CLANG_WARN_OBJC_ROOT_CLASS = YES_ERROR;
				CLANG_WARN_UNREACHABLE_CODE = YES;
				CLANG_WARN__DUPLICATE_METHOD_MATCH = YES;
				"CODE_SIGN_IDENTITY[sdk=iphoneos*]" = "iPhone Developer";
				COPY_PHASE_STRIP = NO;
				DEBUG_INFORMATION_FORMAT = "dwarf-with-dsym";
				ENABLE_NS_ASSERTIONS = NO;
				ENABLE_STRICT_OBJC_MSGSEND = YES;
				GCC_C_LANGUAGE_STANDARD = gnu99;
				GCC_NO_COMMON_BLOCKS = YES;
				GCC_WARN_64_TO_32_BIT_CONVERSION = YES;
				GCC_WARN_ABOUT_RETURN_TYPE = YES_ERROR;
				GCC_WARN_UNDECLARED_SELECTOR = YES;
				GCC_WARN_UNINITIALIZED_AUTOS = YES_AGGRESSIVE;
				GCC_WARN_UNUSED_FUNCTION = YES;
				GCC_WARN_UNUSED_VARIABLE = YES;
				IPHONEOS_DEPLOYMENT_TARGET = 9.3;
				MTL_ENABLE_DEBUG_INFO = NO;
				SDKROOT = iphoneos;
				TARGETED_DEVICE_FAMILY = "1,2";
				VALIDATE_PRODUCT = YES;
			};
			name = Release;
		};
		636CC0061D27AC9F00FB349C /* Debug */ = {
			isa = XCBuildConfiguration;
			buildSettings = {
				ASSETCATALOG_COMPILER_APPICON_NAME = AppIcon;
				FRAMEWORK_SEARCH_PATHS = (
					"$(inherited)",
					"$(PROJECT_DIR)/Carthage/Build/iOS",
				);
				INFOPLIST_FILE = Threes/Info.plist;
				LD_RUNPATH_SEARCH_PATHS = "$(inherited) @executable_path/Frameworks";
				PRODUCT_BUNDLE_IDENTIFIER = tyronemichael.Threes;
				PRODUCT_NAME = "$(TARGET_NAME)";
			};
			name = Debug;
		};
		636CC0071D27AC9F00FB349C /* Release */ = {
			isa = XCBuildConfiguration;
			buildSettings = {
				ASSETCATALOG_COMPILER_APPICON_NAME = AppIcon;
				FRAMEWORK_SEARCH_PATHS = (
					"$(inherited)",
					"$(PROJECT_DIR)/Carthage/Build/iOS",
				);
				INFOPLIST_FILE = Threes/Info.plist;
				LD_RUNPATH_SEARCH_PATHS = "$(inherited) @executable_path/Frameworks";
				PRODUCT_BUNDLE_IDENTIFIER = tyronemichael.Threes;
				PRODUCT_NAME = "$(TARGET_NAME)";
			};
			name = Release;
		};
		636CC0091D27AC9F00FB349C /* Debug */ = {
			isa = XCBuildConfiguration;
			buildSettings = {
				BUNDLE_LOADER = "$(TEST_HOST)";
				INFOPLIST_FILE = ThreesTests/Info.plist;
				LD_RUNPATH_SEARCH_PATHS = "$(inherited) @executable_path/Frameworks @loader_path/Frameworks";
				PRODUCT_BUNDLE_IDENTIFIER = tyronemichael.ThreesTests;
				PRODUCT_NAME = "$(TARGET_NAME)";
				TEST_HOST = "$(BUILT_PRODUCTS_DIR)/Threes.app/Threes";
			};
			name = Debug;
		};
		636CC00A1D27AC9F00FB349C /* Release */ = {
			isa = XCBuildConfiguration;
			buildSettings = {
				BUNDLE_LOADER = "$(TEST_HOST)";
				INFOPLIST_FILE = ThreesTests/Info.plist;
				LD_RUNPATH_SEARCH_PATHS = "$(inherited) @executable_path/Frameworks @loader_path/Frameworks";
				PRODUCT_BUNDLE_IDENTIFIER = tyronemichael.ThreesTests;
				PRODUCT_NAME = "$(TARGET_NAME)";
				TEST_HOST = "$(BUILT_PRODUCTS_DIR)/Threes.app/Threes";
			};
			name = Release;
		};
/* End XCBuildConfiguration section */

/* Begin XCConfigurationList section */
		636CBFE31D27AC9F00FB349C /* Build configuration list for PBXProject "Threes" */ = {
			isa = XCConfigurationList;
			buildConfigurations = (
				636CC0031D27AC9F00FB349C /* Debug */,
				636CC0041D27AC9F00FB349C /* Release */,
			);
			defaultConfigurationIsVisible = 0;
			defaultConfigurationName = Release;
		};
		636CC0051D27AC9F00FB349C /* Build configuration list for PBXNativeTarget "Threes" */ = {
			isa = XCConfigurationList;
			buildConfigurations = (
				636CC0061D27AC9F00FB349C /* Debug */,
				636CC0071D27AC9F00FB349C /* Release */,
			);
			defaultConfigurationIsVisible = 0;
			defaultConfigurationName = Release;
		};
		636CC0081D27AC9F00FB349C /* Build configuration list for PBXNativeTarget "ThreesTests" */ = {
			isa = XCConfigurationList;
			buildConfigurations = (
				636CC0091D27AC9F00FB349C /* Debug */,
				636CC00A1D27AC9F00FB349C /* Release */,
			);
			defaultConfigurationIsVisible = 0;
			defaultConfigurationName = Release;
		};
/* End XCConfigurationList section */
	};
	rootObject = 636CBFE01D27AC9F00FB349C /* Project object */;
}
